
Microsoft Visual Studio Solution File, Format Version 12.00
# Visual Studio Version 17
VisualStudioVersion = 17.0.31903.59
MinimumVisualStudioVersion = 10.0.40219.1
Project("{2150E333-8FDC-42A3-9474-1A3956D46DE8}") = "src", "src", "{8190B05C-8390-42D3-A0D8-333EED1B6126}"
EndProject
Project("{FAE04EC0-301F-11D3-BF4B-00C04F79EFBC}") = "AdventOfCode2025", "src\AdventOfCode2025\AdventOfCode2025.csproj", "{ED8F76F1-C536-4587-8791-97B11AE4B39B}"
EndProject
Global
	GlobalSection(SolutionConfigurationPlatforms) = preSolution
		Debug|Any CPU = Debug|Any CPU
		Release|Any CPU = Release|Any CPU
	EndGlobalSection
	GlobalSection(SolutionProperties) = preSolution
		HideSolutionNode = FALSE
	EndGlobalSection
	GlobalSection(ProjectConfigurationPlatforms) = postSolution
		{ED8F76F1-C536-4587-8791-97B11AE4B39B}.Debug|Any CPU.ActiveCfg = Debug|Any CPU
		{ED8F76F1-C536-4587-8791-97B11AE4B39B}.Debug|Any CPU.Build.0 = Debug|Any CPU
		{ED8F76F1-C536-4587-8791-97B11AE4B39B}.Release|Any CPU.ActiveCfg = Release|Any CPU
		{ED8F76F1-C536-4587-8791-97B11AE4B39B}.Release|Any CPU.Build.0 = Release|Any CPU
	EndGlobalSection
	GlobalSection(NestedProjects) = preSolution
		{ED8F76F1-C536-4587-8791-97B11AE4B39B} = {8190B05C-8390-42D3-A0D8-333EED1B6126}
	EndGlobalSection
EndGlobal
